// !$*UTF8*$!
{
	archiveVersion = 1;
	classes = {
	};
	objectVersion = 50;
	objects = {

/* Begin PBXBuildFile section */
		3A1F2D1C23ECC00D00AD3F04 /* AppDelegate.swift in Sources */ = {isa = PBXBuildFile; fileRef = 3A1F2D1B23ECC00D00AD3F04 /* AppDelegate.swift */; };
		3A1F2D1E23ECC00D00AD3F04 /* SceneDelegate.swift in Sources */ = {isa = PBXBuildFile; fileRef = 3A1F2D1D23ECC00D00AD3F04 /* SceneDelegate.swift */; };
		3A1F2D2023ECC00D00AD3F04 /* ViewController.swift in Sources */ = {isa = PBXBuildFile; fileRef = 3A1F2D1F23ECC00D00AD3F04 /* ViewController.swift */; };
		3A1F2D2323ECC00D00AD3F04 /* Main.storyboard in Resources */ = {isa = PBXBuildFile; fileRef = 3A1F2D2123ECC00D00AD3F04 /* Main.storyboard */; };
		3A1F2D2523ECC00F00AD3F04 /* Assets.xcassets in Resources */ = {isa = PBXBuildFile; fileRef = 3A1F2D2423ECC00F00AD3F04 /* Assets.xcassets */; };
		3A1F2D2823ECC00F00AD3F04 /* LaunchScreen.storyboard in Resources */ = {isa = PBXBuildFile; fileRef = 3A1F2D2623ECC00F00AD3F04 /* LaunchScreen.storyboard */; };
		3A1F2D3023ECC03600AD3F04 /* ArticleCollectionViewCell.swift in Sources */ = {isa = PBXBuildFile; fileRef = 3A1F2D2F23ECC03600AD3F04 /* ArticleCollectionViewCell.swift */; };
		3A1F2D3223ECC04800AD3F04 /* ArticleVC.swift in Sources */ = {isa = PBXBuildFile; fileRef = 3A1F2D3123ECC04800AD3F04 /* ArticleVC.swift */; };
		3A1F2D3423ECC05C00AD3F04 /* ArticleItem.swift in Sources */ = {isa = PBXBuildFile; fileRef = 3A1F2D3323ECC05C00AD3F04 /* ArticleItem.swift */; };
		3A1F2D3623ECC08B00AD3F04 /* articles.json in Resources */ = {isa = PBXBuildFile; fileRef = 3A1F2D3523ECC08B00AD3F04 /* articles.json */; };
/* End PBXBuildFile section */

/* Begin PBXFileReference section */
		3A1F2D1823ECC00D00AD3F04 /* WKWebView.app */ = {isa = PBXFileReference; explicitFileType = wrapper.application; includeInIndex = 0; path = WKWebView.app; sourceTree = BUILT_PRODUCTS_DIR; };
		3A1F2D1B23ECC00D00AD3F04 /* AppDelegate.swift */ = {isa = PBXFileReference; lastKnownFileType = sourcecode.swift; path = AppDelegate.swift; sourceTree = "<group>"; };
		3A1F2D1D23ECC00D00AD3F04 /* SceneDelegate.swift */ = {isa = PBXFileReference; lastKnownFileType = sourcecode.swift; path = SceneDelegate.swift; sourceTree = "<group>"; };
		3A1F2D1F23ECC00D00AD3F04 /* ViewController.swift */ = {isa = PBXFileReference; lastKnownFileType = sourcecode.swift; path = ViewController.swift; sourceTree = "<group>"; };
		3A1F2D2223ECC00D00AD3F04 /* Base */ = {isa = PBXFileReference; lastKnownFileType = file.storyboard; name = Base; path = Base.lproj/Main.storyboard; sourceTree = "<group>"; };
		3A1F2D2423ECC00F00AD3F04 /* Assets.xcassets */ = {isa = PBXFileReference; lastKnownFileType = folder.assetcatalog; path = Assets.xcassets; sourceTree = "<group>"; };
		3A1F2D2723ECC00F00AD3F04 /* Base */ = {isa = PBXFileReference; lastKnownFileType = file.storyboard; name = Base; path = Base.lproj/LaunchScreen.storyboard; sourceTree = "<group>"; };
		3A1F2D2923ECC00F00AD3F04 /* Info.plist */ = {isa = PBXFileReference; lastKnownFileType = text.plist.xml; path = Info.plist; sourceTree = "<group>"; };
		3A1F2D2F23ECC03600AD3F04 /* ArticleCollectionViewCell.swift */ = {isa = PBXFileReference; lastKnownFileType = sourcecode.swift; path = ArticleCollectionViewCell.swift; sourceTree = "<group>"; };
		3A1F2D3123ECC04800AD3F04 /* ArticleVC.swift */ = {isa = PBXFileReference; lastKnownFileType = sourcecode.swift; path = ArticleVC.swift; sourceTree = "<group>"; };
		3A1F2D3323ECC05C00AD3F04 /* ArticleItem.swift */ = {isa = PBXFileReference; lastKnownFileType = sourcecode.swift; path = ArticleItem.swift; sourceTree = "<group>"; };
		3A1F2D3523ECC08B00AD3F04 /* articles.json */ = {isa = PBXFileReference; lastKnownFileType = text.json; path = articles.json; sourceTree = "<group>"; };
/* End PBXFileReference section */

/* Begin PBXFrameworksBuildPhase section */
		3A1F2D1523ECC00D00AD3F04 /* Frameworks */ = {
			isa = PBXFrameworksBuildPhase;
			buildActionMask = 2147483647;
			files = (
			);
			runOnlyForDeploymentPostprocessing = 0;
		};
/* End PBXFrameworksBuildPhase section */

/* Begin PBXGroup section */
		3A1F2D0F23ECC00D00AD3F04 = {
			isa = PBXGroup;
			children = (
				3A1F2D1A23ECC00D00AD3F04 /* WKWebView */,
				3A1F2D1923ECC00D00AD3F04 /* Products */,
			);
			sourceTree = "<group>";
		};
		3A1F2D1923ECC00D00AD3F04 /* Products */ = {
			isa = PBXGroup;
			children = (
				3A1F2D1823ECC00D00AD3F04 /* WKWebView.app */,
			);
			name = Products;
			sourceTree = "<group>";
		};
		3A1F2D1A23ECC00D00AD3F04 /* WKWebView */ = {
			isa = PBXGroup;
			children = (
				3A1F2D1B23ECC00D00AD3F04 /* AppDelegate.swift */,
				3A1F2D1D23ECC00D00AD3F04 /* SceneDelegate.swift */,
				3A1F2D1F23ECC00D00AD3F04 /* ViewController.swift */,
				3A1F2D2F23ECC03600AD3F04 /* ArticleCollectionViewCell.swift */,
				3A1F2D3123ECC04800AD3F04 /* ArticleVC.swift */,
				3A1F2D3323ECC05C00AD3F04 /* ArticleItem.swift */,
				3A1F2D3523ECC08B00AD3F04 /* articles.json */,
				3A1F2D2123ECC00D00AD3F04 /* Main.storyboard */,
				3A1F2D2423ECC00F00AD3F04 /* Assets.xcassets */,
				3A1F2D2623ECC00F00AD3F04 /* LaunchScreen.storyboard */,
				3A1F2D2923ECC00F00AD3F04 /* Info.plist */,
			);
			path = WKWebView;
			sourceTree = "<group>";
		};
/* End PBXGroup section */

/* Begin PBXNativeTarget section */
		3A1F2D1723ECC00D00AD3F04 /* WKWebView */ = {
			isa = PBXNativeTarget;
			buildConfigurationList = 3A1F2D2C23ECC00F00AD3F04 /* Build configuration list for PBXNativeTarget "WKWebView" */;
			buildPhases = (
				3A1F2D1423ECC00D00AD3F04 /* Sources */,
				3A1F2D1523ECC00D00AD3F04 /* Frameworks */,
				3A1F2D1623ECC00D00AD3F04 /* Resources */,
			);
			buildRules = (
			);
			dependencies = (
			);
			name = WKWebView;
			productName = WKWebView;
			productReference = 3A1F2D1823ECC00D00AD3F04 /* WKWebView.app */;
			productType = "com.apple.product-type.application";
		};
/* End PBXNativeTarget section */

/* Begin PBXProject section */
		3A1F2D1023ECC00D00AD3F04 /* Project object */ = {
			isa = PBXProject;
			attributes = {
				LastSwiftUpdateCheck = 1130;
				LastUpgradeCheck = 1130;
				ORGANIZATIONNAME = "Can Balkaya";
				TargetAttributes = {
					3A1F2D1723ECC00D00AD3F04 = {
						CreatedOnToolsVersion = 11.3.1;
					};
				};
			};
			buildConfigurationList = 3A1F2D1323ECC00D00AD3F04 /* Build configuration list for PBXProject "WKWebView" */;
			compatibilityVersion = "Xcode 9.3";
			developmentRegion = en;
			hasScannedForEncodings = 0;
			knownRegions = (
				en,
				Base,
			);
			mainGroup = 3A1F2D0F23ECC00D00AD3F04;
			productRefGroup = 3A1F2D1923ECC00D00AD3F04 /* Products */;
			projectDirPath = "";
			projectRoot = "";
			targets = (
				3A1F2D1723ECC00D00AD3F04 /* WKWebView */,
			);
		};
/* End PBXProject section */

/* Begin PBXResourcesBuildPhase section */
		3A1F2D1623ECC00D00AD3F04 /* Resources */ = {
			isa = PBXResourcesBuildPhase;
			buildActionMask = 2147483647;
			files = (
				3A1F2D3623ECC08B00AD3F04 /* articles.json in Resources */,
				3A1F2D2823ECC00F00AD3F04 /* LaunchScreen.storyboard in Resources */,
				3A1F2D2523ECC00F00AD3F04 /* Assets.xcassets in Resources */,
				3A1F2D2323ECC00D00AD3F04 /* Main.storyboard in Resources */,
			);
			runOnlyForDeploymentPostprocessing = 0;
		};
/* End PBXResourcesBuildPhase section */

/* Begin PBXSourcesBuildPhase section */
		3A1F2D1423ECC00D00AD3F04 /* Sources */ = {
			isa = PBXSourcesBuildPhase;
			buildActionMask = 2147483647;
			files = (
				3A1F2D2023ECC00D00AD3F04 /* ViewController.swift in Sources */,
				3A1F2D3023ECC03600AD3F04 /* ArticleCollectionViewCell.swift in Sources */,
				3A1F2D1C23ECC00D00AD3F04 /* AppDelegate.swift in Sources */,
				3A1F2D1E23ECC00D00AD3F04 /* SceneDelegate.swift in Sources */,
				3A1F2D3223ECC04800AD3F04 /* ArticleVC.swift in Sources */,
				3A1F2D3423ECC05C00AD3F04 /* ArticleItem.swift in Sources */,
			);
			runOnlyForDeploymentPostprocessing = 0;
		};
/* End PBXSourcesBuildPhase section */

/* Begin PBXVariantGroup section */
		3A1F2D2123ECC00D00AD3F04 /* Main.storyboard */ = {
			isa = PBXVariantGroup;
			children = (
				3A1F2D2223ECC00D00AD3F04 /* Base */,
			);
			name = Main.storyboard;
			sourceTree = "<group>";
		};
		3A1F2D2623ECC00F00AD3F04 /* LaunchScreen.storyboard */ = {
			isa = PBXVariantGroup;
			children = (
				3A1F2D2723ECC00F00AD3F04 /* Base */,
			);
			name = LaunchScreen.storyboard;
			sourceTree = "<group>";
		};
/* End PBXVariantGroup section */

/* Begin XCBuildConfiguration section */
		3A1F2D2A23ECC00F00AD3F04 /* Debug */ = {
			isa = XCBuildConfiguration;
			buildSettings = {
				ALWAYS_SEARCH_USER_PATHS = NO;
				CLANG_ANALYZER_NONNULL = YES;
				CLANG_ANALYZER_NUMBER_OBJECT_CONVERSION = YES_AGGRESSIVE;
				CLANG_CXX_LANGUAGE_STANDARD = "gnu++14";
				CLANG_CXX_LIBRARY = "libc++";
				CLANG_ENABLE_MODULES = YES;
				CLANG_ENABLE_OBJC_ARC = YES;
				CLANG_ENABLE_OBJC_WEAK = YES;
				CLANG_WARN_BLOCK_CAPTURE_AUTORELEASING = YES;
				CLANG_WARN_BOOL_CONVERSION = YES;
				CLANG_WARN_COMMA = YES;
				CLANG_WARN_CONSTANT_CONVERSION = YES;
				CLANG_WARN_DEPRECATED_OBJC_IMPLEMENTATIONS = YES;
				CLANG_WARN_DIRECT_OBJC_ISA_USAGE = YES_ERROR;
				CLANG_WARN_DOCUMENTATION_COMMENTS = YES;
				CLANG_WARN_EMPTY_BODY = YES;
				CLANG_WARN_ENUM_CONVERSION = YES;
				CLANG_WARN_INFINITE_RECURSION = YES;
				CLANG_WARN_INT_CONVERSION = YES;
				CLANG_WARN_NON_LITERAL_NULL_CONVERSION = YES;
				CLANG_WARN_OBJC_IMPLICIT_RETAIN_SELF = YES;
				CLANG_WARN_OBJC_LITERAL_CONVERSION = YES;
				CLANG_WARN_OBJC_ROOT_CLASS = YES_ERROR;
				CLANG_WARN_RANGE_LOOP_ANALYSIS = YES;
				CLANG_WARN_STRICT_PROTOTYPES = YES;
				CLANG_WARN_SUSPICIOUS_MOVE = YES;
				CLANG_WARN_UNGUARDED_AVAILABILITY = YES_AGGRESSIVE;
				CLANG_WARN_UNREACHABLE_CODE = YES;
				CLANG_WARN__DUPLICATE_METHOD_MATCH = YES;
				COPY_PHASE_STRIP = NO;
				DEBUG_INFORMATION_FORMAT = dwarf;
				ENABLE_STRICT_OBJC_MSGSEND = YES;
				ENABLE_TESTABILITY = YES;
				GCC_C_LANGUAGE_STANDARD = gnu11;
				GCC_DYNAMIC_NO_PIC = NO;
				GCC_NO_COMMON_BLOCKS = YES;
				GCC_OPTIMIZATION_LEVEL = 0;
				GCC_PREPROCESSOR_DEFINITIONS = (
					"DEBUG=1",
					"$(inherited)",
				);
				GCC_WARN_64_TO_32_BIT_CONVERSION = YES;
				GCC_WARN_ABOUT_RETURN_TYPE = YES_ERROR;
				GCC_WARN_UNDECLARED_SELECTOR = YES;
				GCC_WARN_UNINITIALIZED_AUTOS = YES_AGGRESSIVE;
				GCC_WARN_UNUSED_FUNCTION = YES;
				GCC_WARN_UNUSED_VARIABLE = YES;
				IPHONEOS_DEPLOYMENT_TARGET = 13.2;
				MTL_ENABLE_DEBUG_INFO = INCLUDE_SOURCE;
				MTL_FAST_MATH = YES;
				ONLY_ACTIVE_ARCH = YES;
				SDKROOT = iphoneos;
				SWIFT_ACTIVE_COMPILATION_CONDITIONS = DEBUG;
				SWIFT_OPTIMIZATION_LEVEL = "-Onone";
			};
			name = Debug;
		};
		3A1F2D2B23ECC00F00AD3F04 /* Release */ = {
			isa = XCBuildConfiguration;
			buildSettings = {
				ALWAYS_SEARCH_USER_PATHS = NO;
				CLANG_ANALYZER_NONNULL = YES;
				CLANG_ANALYZER_NUMBER_OBJECT_CONVERSION = YES_AGGRESSIVE;
				CLANG_CXX_LANGUAGE_STANDARD = "gnu++14";
				CLANG_CXX_LIBRARY = "libc++";
				CLANG_ENABLE_MODULES = YES;
				CLANG_ENABLE_OBJC_ARC = YES;
				CLANG_ENABLE_OBJC_WEAK = YES;
				CLANG_WARN_BLOCK_CAPTURE_AUTORELEASING = YES;
				CLANG_WARN_BOOL_CONVERSION = YES;
				CLANG_WARN_COMMA = YES;
				CLANG_WARN_CONSTANT_CONVERSION = YES;
				CLANG_WARN_DEPRECATED_OBJC_IMPLEMENTATIONS = YES;
				CLANG_WARN_DIRECT_OBJC_ISA_USAGE = YES_ERROR;
				CLANG_WARN_DOCUMENTATION_COMMENTS = YES;
				CLANG_WARN_EMPTY_BODY = YES;
				CLANG_WARN_ENUM_CONVERSION = YES;
				CLANG_WARN_INFINITE_RECURSION = YES;
				CLANG_WARN_INT_CONVERSION = YES;
				CLANG_WARN_NON_LITERAL_NULL_CONVERSION = YES;
				CLANG_WARN_OBJC_IMPLICIT_RETAIN_SELF = YES;
				CLANG_WARN_OBJC_LITERAL_CONVERSION = YES;
				CLANG_WARN_OBJC_ROOT_CLASS = YES_ERROR;
				CLANG_WARN_RANGE_LOOP_ANALYSIS = YES;
				CLANG_WARN_STRICT_PROTOTYPES = YES;
				CLANG_WARN_SUSPICIOUS_MOVE = YES;
				CLANG_WARN_UNGUARDED_AVAILABILITY = YES_AGGRESSIVE;
				CLANG_WARN_UNREACHABLE_CODE = YES;
				CLANG_WARN__DUPLICATE_METHOD_MATCH = YES;
				COPY_PHASE_STRIP = NO;
				DEBUG_INFORMATION_FORMAT = "dwarf-with-dsym";
				ENABLE_NS_ASSERTIONS = NO;
				ENABLE_STRICT_OBJC_MSGSEND = YES;
				GCC_C_LANGUAGE_STANDARD = gnu11;
				GCC_NO_COMMON_BLOCKS = YES;
				GCC_WARN_64_TO_32_BIT_CONVERSION = YES;
				GCC_WARN_ABOUT_RETURN_TYPE = YES_ERROR;
				GCC_WARN_UNDECLARED_SELECTOR = YES;
				GCC_WARN_UNINITIALIZED_AUTOS = YES_AGGRESSIVE;
				GCC_WARN_UNUSED_FUNCTION = YES;
				GCC_WARN_UNUSED_VARIABLE = YES;
				IPHONEOS_DEPLOYMENT_TARGET = 13.2;
				MTL_ENABLE_DEBUG_INFO = NO;
				MTL_FAST_MATH = YES;
				SDKROOT = iphoneos;
				SWIFT_COMPILATION_MODE = wholemodule;
				SWIFT_OPTIMIZATION_LEVEL = "-O";
				VALIDATE_PRODUCT = YES;
			};
			name = Release;
		};
		3A1F2D2D23ECC00F00AD3F04 /* Debug */ = {
			isa = XCBuildConfiguration;
			buildSettings = {
				ASSETCATALOG_COMPILER_APPICON_NAME = AppIcon;
				CODE_SIGN_STYLE = Automatic;
				DEVELOPMENT_TEAM = 84X92G2X4P;
				INFOPLIST_FILE = WKWebView/Info.plist;
				LD_RUNPATH_SEARCH_PATHS = (
					"$(inherited)",
					"@executable_path/Frameworks",
				);
				PRODUCT_BUNDLE_IDENTIFIER = CanBalkaya.WKWebView;
				PRODUCT_NAME = "$(TARGET_NAME)";
				SWIFT_VERSION = 5.0;
				TARGETED_DEVICE_FAMILY = "1,2";
			};
			name = Debug;
		};
		3A1F2D2E23ECC00F00AD3F04 /* Release */ = {
			isa = XCBuildConfiguration;
			buildSettings = {
				ASSETCATALOG_COMPILER_APPICON_NAME = AppIcon;
				CODE_SIGN_STYLE = Automatic;
				DEVELOPMENT_TEAM = 84X92G2X4P;
				INFOPLIST_FILE = WKWebView/Info.plist;
				LD_RUNPATH_SEARCH_PATHS = (
					"$(inherited)",
					"@executable_path/Frameworks",
				);
				PRODUCT_BUNDLE_IDENTIFIER = CanBalkaya.WKWebView;
				PRODUCT_NAME = "$(TARGET_NAME)";
				SWIFT_VERSION = 5.0;
				TARGETED_DEVICE_FAMILY = "1,2";
			};
			name = Release;
		};
/* End XCBuildConfiguration section */

/* Begin XCConfigurationList section */
		3A1F2D1323ECC00D00AD3F04 /* Build configuration list for PBXProject "WKWebView" */ = {
			isa = XCConfigurationList;
			buildConfigurations = (
				3A1F2D2A23ECC00F00AD3F04 /* Debug */,
				3A1F2D2B23ECC00F00AD3F04 /* Release */,
			);
			defaultConfigurationIsVisible = 0;
			defaultConfigurationName = Release;
		};
		3A1F2D2C23ECC00F00AD3F04 /* Build configuration list for PBXNativeTarget "WKWebView" */ = {
			isa = XCConfigurationList;
			buildConfigurations = (
				3A1F2D2D23ECC00F00AD3F04 /* Debug */,
				3A1F2D2E23ECC00F00AD3F04 /* Release */,
			);
			defaultConfigurationIsVisible = 0;
			defaultConfigurationName = Release;
		};
/* End XCConfigurationList section */
	};
	rootObject = 3A1F2D1023ECC00D00AD3F04 /* Project object */;
}
